# This file is autogenerated, do not edit; changes may be undone by the next 'dep ensure'.


[[projects]]
  digest = "1:4b94878e125f31ec67c892ecfe38c13211da40653281588598218f807ae72bf7"
  name = "github.com/360EntSecGroup-Skylar/excelize"
  packages = ["."]
  pruneopts = "UT"
  revision = "eb62256d165607c6877ce88efbba10c119137b3d"
  version = "v1.3.0"

[[projects]]
  branch = "master"
  digest = "1:b781c6ce2a81ea819878fe0e907182aa2d3e55629408a9fdbfdff62789f93614"
  name = "github.com/bluele/slack"
  packages = ["."]
  pruneopts = "UT"
  revision = "b4b4d354a079fbf4bd948faad01b32cecb2ffe03"

[[projects]]
  digest = "1:ecd9aa82687cf31d1585d4ac61d0ba180e42e8a6182b85bd785fcca8dfeefc1b"
  name = "github.com/joho/godotenv"
  packages = ["."]
  pruneopts = "UT"
  revision = "23d116af351c84513e1946b527c88823e476be13"
  version = "v1.3.0"

[[projects]]
  digest = "1:e60f2f1cd2e8dfdea48c2440c303d103266e754ab1d8b75796a4e4caddb7a68c"
  name = "github.com/tealeg/xlsx"
  packages = ["."]
  pruneopts = "UT"
  revision = "8be35264fa75a1bbe954ce51eba04f273e2c59e5"
  version = "v1.0.3"

[solve-meta]
  analyzer-name = "dep"
  analyzer-version = 1
  input-imports = [
    "github.com/360EntSecGroup-Skylar/excelize",
    "github.com/bluele/slack",
    "github.com/joho/godotenv",
    "github.com/tealeg/xlsx",
  ]
  solver-name = "gps-cdcl"
  solver-version = 1
